# generated by rye
# use `rye lock` or `rye sync` to update this lockfile
#
# last locked with the following flags:
#   pre: false
#   features: []
#   all-features: false
#   with-sources: false
#   generate-hashes: false
#   universal: false

-e file:.
absl-py==2.1.0
    # via chex
    # via optax
    # via orbax-checkpoint
annotated-types==0.7.0
    # via pydantic
certifi==2024.12.14
    # via requests
    # via sentry-sdk
charset-normalizer==3.4.1
    # via requests
chex==0.1.88
    # via optax
click==8.1.8
    # via wandb
docker-pycreds==0.4.0
    # via wandb
equinox==0.11.11
    # via neural-polytest
etils==1.11.0
    # via optax
    # via orbax-checkpoint
fsspec==2024.12.0
    # via etils
galois==0.4.3
    # via neural-polytest
gitdb==4.0.11
    # via gitpython
gitpython==3.1.43
    # via wandb
humanize==4.11.0
    # via orbax-checkpoint
idna==3.10
    # via requests
importlib-resources==6.5.2
    # via etils
jax==0.4.38
    # via chex
    # via equinox
    # via neural-polytest
    # via optax
    # via orbax-checkpoint
jaxlib==0.4.38
    # via chex
    # via jax
    # via optax
jaxtyping==0.2.36
    # via equinox
llvmlite==0.43.0
    # via numba
ml-dtypes==0.5.0
    # via jax
    # via jaxlib
    # via tensorstore
msgpack==1.1.0
    # via orbax-checkpoint
nest-asyncio==1.6.0
    # via orbax-checkpoint
numba==0.60.0
    # via galois
numpy==2.0.2
    # via chex
    # via galois
    # via jax
    # via jaxlib
    # via ml-dtypes
    # via numba
    # via optax
    # via orbax-checkpoint
    # via scipy
    # via tensorstore
opt-einsum==3.4.0
    # via jax
optax==0.2.4
    # via neural-polytest
orbax-checkpoint==0.11.0
    # via neural-polytest
platformdirs==4.3.6
    # via wandb
protobuf==5.29.2
    # via orbax-checkpoint
    # via wandb
psutil==6.1.1
    # via wandb
pydantic==2.10.4
    # via wandb
pydantic-core==2.27.2
    # via pydantic
pyyaml==6.0.2
    # via orbax-checkpoint
    # via wandb
requests==2.32.3
    # via wandb
scipy==1.14.1
    # via jax
    # via jaxlib
sentry-sdk==2.19.2
    # via wandb
setproctitle==1.3.4
    # via wandb
setuptools==75.6.0
    # via chex
    # via wandb
simplejson==3.19.3
    # via orbax-checkpoint
six==1.17.0
    # via docker-pycreds
smmap==5.0.1
    # via gitdb
tensorstore==0.1.71
    # via orbax-checkpoint
toolz==1.0.0
    # via chex
tqdm==4.67.1
    # via neural-polytest
typing-extensions==4.12.2
    # via chex
    # via equinox
    # via etils
    # via galois
    # via orbax-checkpoint
    # via pydantic
    # via pydantic-core
urllib3==2.3.0
    # via requests
    # via sentry-sdk
wandb==0.19.1
    # via neural-polytest
zipp==3.21.0
    # via etils
