# generated by rye
# use `rye lock` or `rye sync` to update this lockfile
#
# last locked with the following flags:
#   pre: false
#   features: []
#   all-features: false
#   with-sources: false
#   generate-hashes: false
#   universal: false

-e file:.
galois==0.4.3
    # via neural-polytest
jax==0.4.38
    # via neural-polytest
jaxlib==0.4.38
    # via jax
llvmlite==0.43.0
    # via numba
ml-dtypes==0.5.0
    # via jax
    # via jaxlib
numba==0.60.0
    # via galois
numpy==2.0.2
    # via galois
    # via jax
    # via jaxlib
    # via ml-dtypes
    # via numba
    # via scipy
opt-einsum==3.4.0
    # via jax
scipy==1.14.1
    # via jax
    # via jaxlib
typing-extensions==4.12.2
    # via galois
